
Microsoft Visual Studio Solution File, Format Version 12.00
# Visual Studio Version 17
VisualStudioVersion = 17.0.32126.317
MinimumVisualStudioVersion = 10.0.40219.1
Project("{FAE04EC0-301F-11D3-BF4B-00C04F79EFBC}") = "BetterScps", "BetterScps.csproj", "{B1AC5039-5295-4068-A86D-D4C8D07322AA}"
EndProject
Global
	GlobalSection(SolutionConfigurationPlatforms) = preSolution
		Debug|Any CPU = Debug|Any CPU
		Release|Any CPU = Release|Any CPU
	EndGlobalSection
	GlobalSection(ProjectConfigurationPlatforms) = postSolution
		{B1AC5039-5295-4068-A86D-D4C8D07322AA}.Debug|Any CPU.ActiveCfg = Debug|Any CPU
		{B1AC5039-5295-4068-A86D-D4C8D07322AA}.Debug|Any CPU.Build.0 = Debug|Any CPU
		{B1AC5039-5295-4068-A86D-D4C8D07322AA}.Release|Any CPU.ActiveCfg = Release|Any CPU
		{B1AC5039-5295-4068-A86D-D4C8D07322AA}.Release|Any CPU.Build.0 = Release|Any CPU
	EndGlobalSection
	GlobalSection(SolutionProperties) = preSolution
		HideSolutionNode = FALSE
	EndGlobalSection
	GlobalSection(ExtensibilityGlobals) = postSolution
		SolutionGuid = {6BFD8730-5CF1-45A6-943B-2CA7809CA5E4}
	EndGlobalSection
EndGlobal
